
Microsoft Visual Studio Solution File, Format Version 12.00
# Visual Studio 14
VisualStudioVersion = 14.0.25420.1
MinimumVisualStudioVersion = 10.0.40219.1
Project("{F184B08F-C81C-45F6-A57F-5ABD9991F28F}") = "LaberMaker2.Main", "LaberMaker2.Main\LaberMaker2.Main.vbproj", "{1C22793D-007B-4B72-8F14-52447BBF804E}"
EndProject
Project("{F184B08F-C81C-45F6-A57F-5ABD9991F28F}") = "LabelMaker2.PalletLabels", "LabelMaker2.PalletLabels\LabelMaker2.PalletLabels.vbproj", "{208A806D-2F00-4378-A85A-96ABABDAAA52}"
EndProject
Project("{F184B08F-C81C-45F6-A57F-5ABD9991F28F}") = "LabelMaker2.CartonLabels", "LabelMaker2.CartonLabels\LabelMaker2.CartonLabels.vbproj", "{E3CC480A-3BAE-4986-A86E-36924A44F1BD}"
EndProject
Project("{F184B08F-C81C-45F6-A57F-5ABD9991F28F}") = "LabelMaker2.AddressLabels", "LabelMaker2.AddressLabels\LabelMaker2.AddressLabels.vbproj", "{A55472D8-C46A-45EE-8DEE-F03EB2A97FBC}"
EndProject
Global
	GlobalSection(SolutionConfigurationPlatforms) = preSolution
		Debug|Any CPU = Debug|Any CPU
		Release|Any CPU = Release|Any CPU
	EndGlobalSection
	GlobalSection(ProjectConfigurationPlatforms) = postSolution
		{1C22793D-007B-4B72-8F14-52447BBF804E}.Debug|Any CPU.ActiveCfg = Debug|Any CPU
		{1C22793D-007B-4B72-8F14-52447BBF804E}.Debug|Any CPU.Build.0 = Debug|Any CPU
		{1C22793D-007B-4B72-8F14-52447BBF804E}.Release|Any CPU.ActiveCfg = Release|Any CPU
		{1C22793D-007B-4B72-8F14-52447BBF804E}.Release|Any CPU.Build.0 = Release|Any CPU
		{208A806D-2F00-4378-A85A-96ABABDAAA52}.Debug|Any CPU.ActiveCfg = Debug|Any CPU
		{208A806D-2F00-4378-A85A-96ABABDAAA52}.Debug|Any CPU.Build.0 = Debug|Any CPU
		{208A806D-2F00-4378-A85A-96ABABDAAA52}.Release|Any CPU.ActiveCfg = Release|Any CPU
		{208A806D-2F00-4378-A85A-96ABABDAAA52}.Release|Any CPU.Build.0 = Release|Any CPU
		{E3CC480A-3BAE-4986-A86E-36924A44F1BD}.Debug|Any CPU.ActiveCfg = Debug|Any CPU
		{E3CC480A-3BAE-4986-A86E-36924A44F1BD}.Debug|Any CPU.Build.0 = Debug|Any CPU
		{E3CC480A-3BAE-4986-A86E-36924A44F1BD}.Release|Any CPU.ActiveCfg = Release|Any CPU
		{E3CC480A-3BAE-4986-A86E-36924A44F1BD}.Release|Any CPU.Build.0 = Release|Any CPU
		{A55472D8-C46A-45EE-8DEE-F03EB2A97FBC}.Debug|Any CPU.ActiveCfg = Debug|Any CPU
		{A55472D8-C46A-45EE-8DEE-F03EB2A97FBC}.Debug|Any CPU.Build.0 = Debug|Any CPU
		{A55472D8-C46A-45EE-8DEE-F03EB2A97FBC}.Release|Any CPU.ActiveCfg = Release|Any CPU
		{A55472D8-C46A-45EE-8DEE-F03EB2A97FBC}.Release|Any CPU.Build.0 = Release|Any CPU
	EndGlobalSection
	GlobalSection(SolutionProperties) = preSolution
		HideSolutionNode = FALSE
	EndGlobalSection
EndGlobal
